{
  "name": "@devsamurai/cra-template-typescript-basic",
  "version": "0.0.1",
  "lockfileVersion": 2,
  "requires": true,
  "packages": {
    "": {
      "name": "@devsamurai/cra-template-typescript-basic",
      "version": "0.0.1",
      "license": "MIT",
      "engines": {
        "node": ">=8"
      }
    }
  }
}
